
Microsoft Visual Studio Solution File, Format Version 12.00
Project("{2150E333-8FDC-42A3-9474-1A3956D46DE8}") = "Src", "Src", "{A23F5384-2FB3-476E-A914-D0A464944951}"
EndProject
Project("{2150E333-8FDC-42A3-9474-1A3956D46DE8}") = "Test", "Test", "{F87788CC-9CD8-43C9-B123-3351970BFC6A}"
EndProject
Project("{2150E333-8FDC-42A3-9474-1A3956D46DE8}") = "Docs", "Docs", "{2EA76F59-6CD3-4EB0-8FA0-DFA87E1A30D6}"
EndProject
Project("{2150E333-8FDC-42A3-9474-1A3956D46DE8}") = "Core", "Core", "{8403FDE1-E199-4B75-AF11-8C50624A2E93}"
EndProject
Project("{2150E333-8FDC-42A3-9474-1A3956D46DE8}") = "Presentation", "Presentation", "{034C2230-AF25-43BE-8CC1-1A4E501FB73F}"
EndProject
Project("{2150E333-8FDC-42A3-9474-1A3956D46DE8}") = "Infrastructure", "Infrastructure", "{7F511128-D554-4354-B840-B90976D426E6}"
EndProject
Project("{2150E333-8FDC-42A3-9474-1A3956D46DE8}") = "Common", "Common", "{D78B867F-46A9-421C-8323-4A2EFC8F88C2}"
EndProject
Project("{FAE04EC0-301F-11D3-BF4B-00C04F79EFBC}") = "Application", "Src\Core\Application\Application.csproj", "{02A61CDA-530C-4BCA-AD4A-FECD3E720FEA}"
EndProject
Project("{FAE04EC0-301F-11D3-BF4B-00C04F79EFBC}") = "Domain", "Src\Core\Domain\Domain.csproj", "{B0F91B2B-18D9-499D-BB18-3FC86241B3BD}"
EndProject
Project("{FAE04EC0-301F-11D3-BF4B-00C04F79EFBC}") = "Infrastructure", "Src\Infrastructure\Infrastructure\Infrastructure.csproj", "{BF83AF35-1665-498E-B456-E676B6BA6D82}"
EndProject
Project("{FAE04EC0-301F-11D3-BF4B-00C04F79EFBC}") = "Persistence", "Src\Infrastructure\Persistence\Persistence.csproj", "{7D2979FE-5786-428A-A701-14345D45103F}"
EndProject
Project("{FAE04EC0-301F-11D3-BF4B-00C04F79EFBC}") = "WebApi.EndPoint", "Src\Presentation\WebApi.EndPoint\WebApi.EndPoint.csproj", "{DF2E281D-E917-48B0-BF81-A8A9AABADBFC}"
EndProject
Project("{FAE04EC0-301F-11D3-BF4B-00C04F79EFBC}") = "WebSite.EndPoint", "Src\Presentation\WebSite.EndPoint\WebSite.EndPoint.csproj", "{1D7AE80B-04BC-4250-BB44-E0E584D5BB5D}"
EndProject
Project("{FAE04EC0-301F-11D3-BF4B-00C04F79EFBC}") = "WebSite.Test", "Test\WebSite.Test\WebSite.Test.csproj", "{BE7FC716-E00A-4354-B888-22813CBA36FF}"
EndProject
Project("{FAE04EC0-301F-11D3-BF4B-00C04F79EFBC}") = "WebApi.Test", "Test\WebApi.Test\WebApi.Test.csproj", "{CD23A13E-B4ED-4175-B718-FF76350924DA}"
EndProject
Project("{FAE04EC0-301F-11D3-BF4B-00C04F79EFBC}") = "Common", "Src\Common\Common\Common.csproj", "{2C7B4B7F-F342-4F16-85BB-3857227ABC40}"
EndProject
Global
	GlobalSection(SolutionConfigurationPlatforms) = preSolution
		Debug|Any CPU = Debug|Any CPU
		Release|Any CPU = Release|Any CPU
	EndGlobalSection
	GlobalSection(NestedProjects) = preSolution
		{8403FDE1-E199-4B75-AF11-8C50624A2E93} = {A23F5384-2FB3-476E-A914-D0A464944951}
		{034C2230-AF25-43BE-8CC1-1A4E501FB73F} = {A23F5384-2FB3-476E-A914-D0A464944951}
		{7F511128-D554-4354-B840-B90976D426E6} = {A23F5384-2FB3-476E-A914-D0A464944951}
		{D78B867F-46A9-421C-8323-4A2EFC8F88C2} = {A23F5384-2FB3-476E-A914-D0A464944951}
		{02A61CDA-530C-4BCA-AD4A-FECD3E720FEA} = {8403FDE1-E199-4B75-AF11-8C50624A2E93}
		{B0F91B2B-18D9-499D-BB18-3FC86241B3BD} = {8403FDE1-E199-4B75-AF11-8C50624A2E93}
		{BF83AF35-1665-498E-B456-E676B6BA6D82} = {7F511128-D554-4354-B840-B90976D426E6}
		{7D2979FE-5786-428A-A701-14345D45103F} = {7F511128-D554-4354-B840-B90976D426E6}
		{DF2E281D-E917-48B0-BF81-A8A9AABADBFC} = {034C2230-AF25-43BE-8CC1-1A4E501FB73F}
		{1D7AE80B-04BC-4250-BB44-E0E584D5BB5D} = {034C2230-AF25-43BE-8CC1-1A4E501FB73F}
		{BE7FC716-E00A-4354-B888-22813CBA36FF} = {F87788CC-9CD8-43C9-B123-3351970BFC6A}
		{CD23A13E-B4ED-4175-B718-FF76350924DA} = {F87788CC-9CD8-43C9-B123-3351970BFC6A}
		{2C7B4B7F-F342-4F16-85BB-3857227ABC40} = {D78B867F-46A9-421C-8323-4A2EFC8F88C2}
	EndGlobalSection
	GlobalSection(ProjectConfigurationPlatforms) = postSolution
		{02A61CDA-530C-4BCA-AD4A-FECD3E720FEA}.Debug|Any CPU.ActiveCfg = Debug|Any CPU
		{02A61CDA-530C-4BCA-AD4A-FECD3E720FEA}.Debug|Any CPU.Build.0 = Debug|Any CPU
		{02A61CDA-530C-4BCA-AD4A-FECD3E720FEA}.Release|Any CPU.ActiveCfg = Release|Any CPU
		{02A61CDA-530C-4BCA-AD4A-FECD3E720FEA}.Release|Any CPU.Build.0 = Release|Any CPU
		{B0F91B2B-18D9-499D-BB18-3FC86241B3BD}.Debug|Any CPU.ActiveCfg = Debug|Any CPU
		{B0F91B2B-18D9-499D-BB18-3FC86241B3BD}.Debug|Any CPU.Build.0 = Debug|Any CPU
		{B0F91B2B-18D9-499D-BB18-3FC86241B3BD}.Release|Any CPU.ActiveCfg = Release|Any CPU
		{B0F91B2B-18D9-499D-BB18-3FC86241B3BD}.Release|Any CPU.Build.0 = Release|Any CPU
		{BF83AF35-1665-498E-B456-E676B6BA6D82}.Debug|Any CPU.ActiveCfg = Debug|Any CPU
		{BF83AF35-1665-498E-B456-E676B6BA6D82}.Debug|Any CPU.Build.0 = Debug|Any CPU
		{BF83AF35-1665-498E-B456-E676B6BA6D82}.Release|Any CPU.ActiveCfg = Release|Any CPU
		{BF83AF35-1665-498E-B456-E676B6BA6D82}.Release|Any CPU.Build.0 = Release|Any CPU
		{7D2979FE-5786-428A-A701-14345D45103F}.Debug|Any CPU.ActiveCfg = Debug|Any CPU
		{7D2979FE-5786-428A-A701-14345D45103F}.Debug|Any CPU.Build.0 = Debug|Any CPU
		{7D2979FE-5786-428A-A701-14345D45103F}.Release|Any CPU.ActiveCfg = Release|Any CPU
		{7D2979FE-5786-428A-A701-14345D45103F}.Release|Any CPU.Build.0 = Release|Any CPU
		{DF2E281D-E917-48B0-BF81-A8A9AABADBFC}.Debug|Any CPU.ActiveCfg = Debug|Any CPU
		{DF2E281D-E917-48B0-BF81-A8A9AABADBFC}.Debug|Any CPU.Build.0 = Debug|Any CPU
		{DF2E281D-E917-48B0-BF81-A8A9AABADBFC}.Release|Any CPU.ActiveCfg = Release|Any CPU
		{DF2E281D-E917-48B0-BF81-A8A9AABADBFC}.Release|Any CPU.Build.0 = Release|Any CPU
		{1D7AE80B-04BC-4250-BB44-E0E584D5BB5D}.Debug|Any CPU.ActiveCfg = Debug|Any CPU
		{1D7AE80B-04BC-4250-BB44-E0E584D5BB5D}.Debug|Any CPU.Build.0 = Debug|Any CPU
		{1D7AE80B-04BC-4250-BB44-E0E584D5BB5D}.Release|Any CPU.ActiveCfg = Release|Any CPU
		{1D7AE80B-04BC-4250-BB44-E0E584D5BB5D}.Release|Any CPU.Build.0 = Release|Any CPU
		{BE7FC716-E00A-4354-B888-22813CBA36FF}.Debug|Any CPU.ActiveCfg = Debug|Any CPU
		{BE7FC716-E00A-4354-B888-22813CBA36FF}.Debug|Any CPU.Build.0 = Debug|Any CPU
		{BE7FC716-E00A-4354-B888-22813CBA36FF}.Release|Any CPU.ActiveCfg = Release|Any CPU
		{BE7FC716-E00A-4354-B888-22813CBA36FF}.Release|Any CPU.Build.0 = Release|Any CPU
		{CD23A13E-B4ED-4175-B718-FF76350924DA}.Debug|Any CPU.ActiveCfg = Debug|Any CPU
		{CD23A13E-B4ED-4175-B718-FF76350924DA}.Debug|Any CPU.Build.0 = Debug|Any CPU
		{CD23A13E-B4ED-4175-B718-FF76350924DA}.Release|Any CPU.ActiveCfg = Release|Any CPU
		{CD23A13E-B4ED-4175-B718-FF76350924DA}.Release|Any CPU.Build.0 = Release|Any CPU
		{2C7B4B7F-F342-4F16-85BB-3857227ABC40}.Debug|Any CPU.ActiveCfg = Debug|Any CPU
		{2C7B4B7F-F342-4F16-85BB-3857227ABC40}.Debug|Any CPU.Build.0 = Debug|Any CPU
		{2C7B4B7F-F342-4F16-85BB-3857227ABC40}.Release|Any CPU.ActiveCfg = Release|Any CPU
		{2C7B4B7F-F342-4F16-85BB-3857227ABC40}.Release|Any CPU.Build.0 = Release|Any CPU
	EndGlobalSection
EndGlobal
